// !$*UTF8*$!
{
	archiveVersion = 1;
	classes = {
	};
	objectVersion = 46;
	objects = {

/* Begin PBXBuildFile section */
		1F3E80EF1F7D295C00632EB3 /* AppDelegate.swift in Sources */ = {isa = PBXBuildFile; fileRef = 1F3E80EE1F7D295C00632EB3 /* AppDelegate.swift */; };
		1F3E80F11F7D295C00632EB3 /* BoardViewController.swift in Sources */ = {isa = PBXBuildFile; fileRef = 1F3E80F01F7D295C00632EB3 /* BoardViewController.swift */; };
		1F3E80F41F7D295C00632EB3 /* Main.storyboard in Resources */ = {isa = PBXBuildFile; fileRef = 1F3E80F21F7D295C00632EB3 /* Main.storyboard */; };
		1F3E80F61F7D295C00632EB3 /* Assets.xcassets in Resources */ = {isa = PBXBuildFile; fileRef = 1F3E80F51F7D295C00632EB3 /* Assets.xcassets */; };
		1F3E80F91F7D295C00632EB3 /* LaunchScreen.storyboard in Resources */ = {isa = PBXBuildFile; fileRef = 1F3E80F71F7D295C00632EB3 /* LaunchScreen.storyboard */; };
		1F3E81041F7D295C00632EB3 /* path_drawerTests.swift in Sources */ = {isa = PBXBuildFile; fileRef = 1F3E81031F7D295C00632EB3 /* path_drawerTests.swift */; };
		1F3E810F1F7D295C00632EB3 /* path_drawerUITests.swift in Sources */ = {isa = PBXBuildFile; fileRef = 1F3E810E1F7D295C00632EB3 /* path_drawerUITests.swift */; };
		1F3E811F1F7D29CB00632EB3 /* SceneView.swift in Sources */ = {isa = PBXBuildFile; fileRef = 1F3E811E1F7D29CB00632EB3 /* SceneView.swift */; };
		F2349C511F89EDCB00DDE5FD /* Item.swift in Sources */ = {isa = PBXBuildFile; fileRef = F2349C501F89EDCB00DDE5FD /* Item.swift */; };
		F281D3981F8D0ADD006A7B2B /* ItemState.swift in Sources */ = {isa = PBXBuildFile; fileRef = F281D3971F8D0ADD006A7B2B /* ItemState.swift */; };
		F281D39C1F8D9A87006A7B2B /* ImageItemState.swift in Sources */ = {isa = PBXBuildFile; fileRef = F281D39B1F8D9A86006A7B2B /* ImageItemState.swift */; };
		F2D611041F8131C400872F8C /* PathItem.swift in Sources */ = {isa = PBXBuildFile; fileRef = F2D611031F8131C400872F8C /* PathItem.swift */; };
		F2D611061F8131E800872F8C /* PenTool.swift in Sources */ = {isa = PBXBuildFile; fileRef = F2D611051F8131E800872F8C /* PenTool.swift */; };
		F2D611081F81792F00872F8C /* Scene.swift in Sources */ = {isa = PBXBuildFile; fileRef = F2D611071F81792F00872F8C /* Scene.swift */; };
/* End PBXBuildFile section */

/* Begin PBXContainerItemProxy section */
		1F3E81001F7D295C00632EB3 /* PBXContainerItemProxy */ = {
			isa = PBXContainerItemProxy;
			containerPortal = 1F3E80E31F7D295C00632EB3 /* Project object */;
			proxyType = 1;
			remoteGlobalIDString = 1F3E80EA1F7D295C00632EB3;
			remoteInfo = path_drawer;
		};
		1F3E810B1F7D295C00632EB3 /* PBXContainerItemProxy */ = {
			isa = PBXContainerItemProxy;
			containerPortal = 1F3E80E31F7D295C00632EB3 /* Project object */;
			proxyType = 1;
			remoteGlobalIDString = 1F3E80EA1F7D295C00632EB3;
			remoteInfo = path_drawer;
		};
/* End PBXContainerItemProxy section */

/* Begin PBXFileReference section */
		1F3E80EB1F7D295C00632EB3 /* path_drawer.app */ = {isa = PBXFileReference; explicitFileType = wrapper.application; includeInIndex = 0; path = path_drawer.app; sourceTree = BUILT_PRODUCTS_DIR; };
		1F3E80EE1F7D295C00632EB3 /* AppDelegate.swift */ = {isa = PBXFileReference; lastKnownFileType = sourcecode.swift; path = AppDelegate.swift; sourceTree = "<group>"; };
		1F3E80F01F7D295C00632EB3 /* BoardViewController.swift */ = {isa = PBXFileReference; lastKnownFileType = sourcecode.swift; path = BoardViewController.swift; sourceTree = "<group>"; };
		1F3E80F31F7D295C00632EB3 /* Base */ = {isa = PBXFileReference; lastKnownFileType = file.storyboard; name = Base; path = Base.lproj/Main.storyboard; sourceTree = "<group>"; };
		1F3E80F51F7D295C00632EB3 /* Assets.xcassets */ = {isa = PBXFileReference; lastKnownFileType = folder.assetcatalog; path = Assets.xcassets; sourceTree = "<group>"; };
		1F3E80F81F7D295C00632EB3 /* Base */ = {isa = PBXFileReference; lastKnownFileType = file.storyboard; name = Base; path = Base.lproj/LaunchScreen.storyboard; sourceTree = "<group>"; };
		1F3E80FA1F7D295C00632EB3 /* Info.plist */ = {isa = PBXFileReference; lastKnownFileType = text.plist.xml; path = Info.plist; sourceTree = "<group>"; };
		1F3E80FF1F7D295C00632EB3 /* path_drawerTests.xctest */ = {isa = PBXFileReference; explicitFileType = wrapper.cfbundle; includeInIndex = 0; path = path_drawerTests.xctest; sourceTree = BUILT_PRODUCTS_DIR; };
		1F3E81031F7D295C00632EB3 /* path_drawerTests.swift */ = {isa = PBXFileReference; lastKnownFileType = sourcecode.swift; path = path_drawerTests.swift; sourceTree = "<group>"; };
		1F3E81051F7D295C00632EB3 /* Info.plist */ = {isa = PBXFileReference; lastKnownFileType = text.plist.xml; path = Info.plist; sourceTree = "<group>"; };
		1F3E810A1F7D295C00632EB3 /* path_drawerUITests.xctest */ = {isa = PBXFileReference; explicitFileType = wrapper.cfbundle; includeInIndex = 0; path = path_drawerUITests.xctest; sourceTree = BUILT_PRODUCTS_DIR; };
		1F3E810E1F7D295C00632EB3 /* path_drawerUITests.swift */ = {isa = PBXFileReference; lastKnownFileType = sourcecode.swift; path = path_drawerUITests.swift; sourceTree = "<group>"; };
		1F3E81101F7D295C00632EB3 /* Info.plist */ = {isa = PBXFileReference; lastKnownFileType = text.plist.xml; path = Info.plist; sourceTree = "<group>"; };
		1F3E811E1F7D29CB00632EB3 /* SceneView.swift */ = {isa = PBXFileReference; fileEncoding = 4; lastKnownFileType = sourcecode.swift; path = SceneView.swift; sourceTree = "<group>"; };
		F2349C501F89EDCB00DDE5FD /* Item.swift */ = {isa = PBXFileReference; lastKnownFileType = sourcecode.swift; path = Item.swift; sourceTree = "<group>"; };
		F281D3971F8D0ADD006A7B2B /* ItemState.swift */ = {isa = PBXFileReference; lastKnownFileType = sourcecode.swift; path = ItemState.swift; sourceTree = "<group>"; };
		F281D39B1F8D9A86006A7B2B /* ImageItemState.swift */ = {isa = PBXFileReference; lastKnownFileType = sourcecode.swift; path = ImageItemState.swift; sourceTree = "<group>"; };
		F2D611031F8131C400872F8C /* PathItem.swift */ = {isa = PBXFileReference; lastKnownFileType = sourcecode.swift; path = PathItem.swift; sourceTree = "<group>"; };
		F2D611051F8131E800872F8C /* PenTool.swift */ = {isa = PBXFileReference; lastKnownFileType = sourcecode.swift; path = PenTool.swift; sourceTree = "<group>"; };
		F2D611071F81792F00872F8C /* Scene.swift */ = {isa = PBXFileReference; lastKnownFileType = sourcecode.swift; path = Scene.swift; sourceTree = "<group>"; };
/* End PBXFileReference section */

/* Begin PBXFrameworksBuildPhase section */
		1F3E80E81F7D295C00632EB3 /* Frameworks */ = {
			isa = PBXFrameworksBuildPhase;
			buildActionMask = 2147483647;
			files = (
			);
			runOnlyForDeploymentPostprocessing = 0;
		};
		1F3E80FC1F7D295C00632EB3 /* Frameworks */ = {
			isa = PBXFrameworksBuildPhase;
			buildActionMask = 2147483647;
			files = (
			);
			runOnlyForDeploymentPostprocessing = 0;
		};
		1F3E81071F7D295C00632EB3 /* Frameworks */ = {
			isa = PBXFrameworksBuildPhase;
			buildActionMask = 2147483647;
			files = (
			);
			runOnlyForDeploymentPostprocessing = 0;
		};
/* End PBXFrameworksBuildPhase section */

/* Begin PBXGroup section */
		1F3E80E21F7D295C00632EB3 = {
			isa = PBXGroup;
			children = (
				1F3E80ED1F7D295C00632EB3 /* path_drawer */,
				1F3E81021F7D295C00632EB3 /* path_drawerTests */,
				1F3E810D1F7D295C00632EB3 /* path_drawerUITests */,
				1F3E80EC1F7D295C00632EB3 /* Products */,
			);
			sourceTree = "<group>";
		};
		1F3E80EC1F7D295C00632EB3 /* Products */ = {
			isa = PBXGroup;
			children = (
				1F3E80EB1F7D295C00632EB3 /* path_drawer.app */,
				1F3E80FF1F7D295C00632EB3 /* path_drawerTests.xctest */,
				1F3E810A1F7D295C00632EB3 /* path_drawerUITests.xctest */,
			);
			name = Products;
			sourceTree = "<group>";
		};
		1F3E80ED1F7D295C00632EB3 /* path_drawer */ = {
			isa = PBXGroup;
			children = (
				1F3E80EE1F7D295C00632EB3 /* AppDelegate.swift */,
				1F3E80F01F7D295C00632EB3 /* BoardViewController.swift */,
				1F3E80F21F7D295C00632EB3 /* Main.storyboard */,
				1F3E80F51F7D295C00632EB3 /* Assets.xcassets */,
				1F3E80F71F7D295C00632EB3 /* LaunchScreen.storyboard */,
				1F3E80FA1F7D295C00632EB3 /* Info.plist */,
				1F3E811E1F7D29CB00632EB3 /* SceneView.swift */,
				F2D611031F8131C400872F8C /* PathItem.swift */,
				F2D611051F8131E800872F8C /* PenTool.swift */,
				F2D611071F81792F00872F8C /* Scene.swift */,
				F2349C501F89EDCB00DDE5FD /* Item.swift */,
				F281D3991F8D0CCE006A7B2B /* state */,
			);
			path = path_drawer;
			sourceTree = "<group>";
		};
		1F3E81021F7D295C00632EB3 /* path_drawerTests */ = {
			isa = PBXGroup;
			children = (
				1F3E81031F7D295C00632EB3 /* path_drawerTests.swift */,
				1F3E81051F7D295C00632EB3 /* Info.plist */,
			);
			path = path_drawerTests;
			sourceTree = "<group>";
		};
		1F3E810D1F7D295C00632EB3 /* path_drawerUITests */ = {
			isa = PBXGroup;
			children = (
				1F3E810E1F7D295C00632EB3 /* path_drawerUITests.swift */,
				1F3E81101F7D295C00632EB3 /* Info.plist */,
			);
			path = path_drawerUITests;
			sourceTree = "<group>";
		};
		F281D3991F8D0CCE006A7B2B /* state */ = {
			isa = PBXGroup;
			children = (
				F281D39A1F8D0CE2006A7B2B /* itemstates */,
			);
			path = state;
			sourceTree = "<group>";
		};
		F281D39A1F8D0CE2006A7B2B /* itemstates */ = {
			isa = PBXGroup;
			children = (
				F281D3971F8D0ADD006A7B2B /* ItemState.swift */,
				F281D39B1F8D9A86006A7B2B /* ImageItemState.swift */,
			);
			path = itemstates;
			sourceTree = "<group>";
		};
/* End PBXGroup section */

/* Begin PBXNativeTarget section */
		1F3E80EA1F7D295C00632EB3 /* path_drawer */ = {
			isa = PBXNativeTarget;
			buildConfigurationList = 1F3E81131F7D295C00632EB3 /* Build configuration list for PBXNativeTarget "path_drawer" */;
			buildPhases = (
				1F3E80E71F7D295C00632EB3 /* Sources */,
				1F3E80E81F7D295C00632EB3 /* Frameworks */,
				1F3E80E91F7D295C00632EB3 /* Resources */,
			);
			buildRules = (
			);
			dependencies = (
			);
			name = path_drawer;
			productName = path_drawer;
			productReference = 1F3E80EB1F7D295C00632EB3 /* path_drawer.app */;
			productType = "com.apple.product-type.application";
		};
		1F3E80FE1F7D295C00632EB3 /* path_drawerTests */ = {
			isa = PBXNativeTarget;
			buildConfigurationList = 1F3E81161F7D295C00632EB3 /* Build configuration list for PBXNativeTarget "path_drawerTests" */;
			buildPhases = (
				1F3E80FB1F7D295C00632EB3 /* Sources */,
				1F3E80FC1F7D295C00632EB3 /* Frameworks */,
				1F3E80FD1F7D295C00632EB3 /* Resources */,
			);
			buildRules = (
			);
			dependencies = (
				1F3E81011F7D295C00632EB3 /* PBXTargetDependency */,
			);
			name = path_drawerTests;
			productName = path_drawerTests;
			productReference = 1F3E80FF1F7D295C00632EB3 /* path_drawerTests.xctest */;
			productType = "com.apple.product-type.bundle.unit-test";
		};
		1F3E81091F7D295C00632EB3 /* path_drawerUITests */ = {
			isa = PBXNativeTarget;
			buildConfigurationList = 1F3E81191F7D295C00632EB3 /* Build configuration list for PBXNativeTarget "path_drawerUITests" */;
			buildPhases = (
				1F3E81061F7D295C00632EB3 /* Sources */,
				1F3E81071F7D295C00632EB3 /* Frameworks */,
				1F3E81081F7D295C00632EB3 /* Resources */,
			);
			buildRules = (
			);
			dependencies = (
				1F3E810C1F7D295C00632EB3 /* PBXTargetDependency */,
			);
			name = path_drawerUITests;
			productName = path_drawerUITests;
			productReference = 1F3E810A1F7D295C00632EB3 /* path_drawerUITests.xctest */;
			productType = "com.apple.product-type.bundle.ui-testing";
		};
/* End PBXNativeTarget section */

/* Begin PBXProject section */
		1F3E80E31F7D295C00632EB3 /* Project object */ = {
			isa = PBXProject;
			attributes = {
				LastSwiftUpdateCheck = 0830;
				LastUpgradeCheck = 0830;
				ORGANIZATIONNAME = scratchwork;
				TargetAttributes = {
					1F3E80EA1F7D295C00632EB3 = {
						CreatedOnToolsVersion = 8.3.3;
						DevelopmentTeam = 9NJ838NTTF;
						ProvisioningStyle = Automatic;
					};
					1F3E80FE1F7D295C00632EB3 = {
						CreatedOnToolsVersion = 8.3.3;
						ProvisioningStyle = Automatic;
						TestTargetID = 1F3E80EA1F7D295C00632EB3;
					};
					1F3E81091F7D295C00632EB3 = {
						CreatedOnToolsVersion = 8.3.3;
						ProvisioningStyle = Automatic;
						TestTargetID = 1F3E80EA1F7D295C00632EB3;
					};
				};
			};
			buildConfigurationList = 1F3E80E61F7D295C00632EB3 /* Build configuration list for PBXProject "path_drawer" */;
			compatibilityVersion = "Xcode 3.2";
			developmentRegion = English;
			hasScannedForEncodings = 0;
			knownRegions = (
				en,
				Base,
			);
			mainGroup = 1F3E80E21F7D295C00632EB3;
			productRefGroup = 1F3E80EC1F7D295C00632EB3 /* Products */;
			projectDirPath = "";
			projectRoot = "";
			targets = (
				1F3E80EA1F7D295C00632EB3 /* path_drawer */,
				1F3E80FE1F7D295C00632EB3 /* path_drawerTests */,
				1F3E81091F7D295C00632EB3 /* path_drawerUITests */,
			);
		};
/* End PBXProject section */

/* Begin PBXResourcesBuildPhase section */
		1F3E80E91F7D295C00632EB3 /* Resources */ = {
			isa = PBXResourcesBuildPhase;
			buildActionMask = 2147483647;
			files = (
				1F3E80F91F7D295C00632EB3 /* LaunchScreen.storyboard in Resources */,
				1F3E80F61F7D295C00632EB3 /* Assets.xcassets in Resources */,
				1F3E80F41F7D295C00632EB3 /* Main.storyboard in Resources */,
			);
			runOnlyForDeploymentPostprocessing = 0;
		};
		1F3E80FD1F7D295C00632EB3 /* Resources */ = {
			isa = PBXResourcesBuildPhase;
			buildActionMask = 2147483647;
			files = (
			);
			runOnlyForDeploymentPostprocessing = 0;
		};
		1F3E81081F7D295C00632EB3 /* Resources */ = {
			isa = PBXResourcesBuildPhase;
			buildActionMask = 2147483647;
			files = (
			);
			runOnlyForDeploymentPostprocessing = 0;
		};
/* End PBXResourcesBuildPhase section */

/* Begin PBXSourcesBuildPhase section */
		1F3E80E71F7D295C00632EB3 /* Sources */ = {
			isa = PBXSourcesBuildPhase;
			buildActionMask = 2147483647;
			files = (
				F2D611061F8131E800872F8C /* PenTool.swift in Sources */,
				1F3E80F11F7D295C00632EB3 /* BoardViewController.swift in Sources */,
				F281D3981F8D0ADD006A7B2B /* ItemState.swift in Sources */,
				F2D611081F81792F00872F8C /* Scene.swift in Sources */,
				F2D611041F8131C400872F8C /* PathItem.swift in Sources */,
				F281D39C1F8D9A87006A7B2B /* ImageItemState.swift in Sources */,
				F2349C511F89EDCB00DDE5FD /* Item.swift in Sources */,
				1F3E80EF1F7D295C00632EB3 /* AppDelegate.swift in Sources */,
				1F3E811F1F7D29CB00632EB3 /* SceneView.swift in Sources */,
			);
			runOnlyForDeploymentPostprocessing = 0;
		};
		1F3E80FB1F7D295C00632EB3 /* Sources */ = {
			isa = PBXSourcesBuildPhase;
			buildActionMask = 2147483647;
			files = (
				1F3E81041F7D295C00632EB3 /* path_drawerTests.swift in Sources */,
			);
			runOnlyForDeploymentPostprocessing = 0;
		};
		1F3E81061F7D295C00632EB3 /* Sources */ = {
			isa = PBXSourcesBuildPhase;
			buildActionMask = 2147483647;
			files = (
				1F3E810F1F7D295C00632EB3 /* path_drawerUITests.swift in Sources */,
			);
			runOnlyForDeploymentPostprocessing = 0;
		};
/* End PBXSourcesBuildPhase section */

/* Begin PBXTargetDependency section */
		1F3E81011F7D295C00632EB3 /* PBXTargetDependency */ = {
			isa = PBXTargetDependency;
			target = 1F3E80EA1F7D295C00632EB3 /* path_drawer */;
			targetProxy = 1F3E81001F7D295C00632EB3 /* PBXContainerItemProxy */;
		};
		1F3E810C1F7D295C00632EB3 /* PBXTargetDependency */ = {
			isa = PBXTargetDependency;
			target = 1F3E80EA1F7D295C00632EB3 /* path_drawer */;
			targetProxy = 1F3E810B1F7D295C00632EB3 /* PBXContainerItemProxy */;
		};
/* End PBXTargetDependency section */

/* Begin PBXVariantGroup section */
		1F3E80F21F7D295C00632EB3 /* Main.storyboard */ = {
			isa = PBXVariantGroup;
			children = (
				1F3E80F31F7D295C00632EB3 /* Base */,
			);
			name = Main.storyboard;
			sourceTree = "<group>";
		};
		1F3E80F71F7D295C00632EB3 /* LaunchScreen.storyboard */ = {
			isa = PBXVariantGroup;
			children = (
				1F3E80F81F7D295C00632EB3 /* Base */,
			);
			name = LaunchScreen.storyboard;
			sourceTree = "<group>";
		};
/* End PBXVariantGroup section */

/* Begin XCBuildConfiguration section */
		1F3E81111F7D295C00632EB3 /* Debug */ = {
			isa = XCBuildConfiguration;
			buildSettings = {
				ALWAYS_SEARCH_USER_PATHS = NO;
				CLANG_ANALYZER_NONNULL = YES;
				CLANG_ANALYZER_NUMBER_OBJECT_CONVERSION = YES_AGGRESSIVE;
				CLANG_CXX_LANGUAGE_STANDARD = "gnu++0x";
				CLANG_CXX_LIBRARY = "libc++";
				CLANG_ENABLE_MODULES = YES;
				CLANG_ENABLE_OBJC_ARC = YES;
				CLANG_WARN_BOOL_CONVERSION = YES;
				CLANG_WARN_CONSTANT_CONVERSION = YES;
				CLANG_WARN_DIRECT_OBJC_ISA_USAGE = YES_ERROR;
				CLANG_WARN_DOCUMENTATION_COMMENTS = YES;
				CLANG_WARN_EMPTY_BODY = YES;
				CLANG_WARN_ENUM_CONVERSION = YES;
				CLANG_WARN_INFINITE_RECURSION = YES;
				CLANG_WARN_INT_CONVERSION = YES;
				CLANG_WARN_OBJC_ROOT_CLASS = YES_ERROR;
				CLANG_WARN_SUSPICIOUS_MOVE = YES;
				CLANG_WARN_UNREACHABLE_CODE = YES;
				CLANG_WARN__DUPLICATE_METHOD_MATCH = YES;
				"CODE_SIGN_IDENTITY[sdk=iphoneos*]" = "iPhone Developer";
				COPY_PHASE_STRIP = NO;
				DEBUG_INFORMATION_FORMAT = dwarf;
				ENABLE_STRICT_OBJC_MSGSEND = YES;
				ENABLE_TESTABILITY = YES;
				GCC_C_LANGUAGE_STANDARD = gnu99;
				GCC_DYNAMIC_NO_PIC = NO;
				GCC_NO_COMMON_BLOCKS = YES;
				GCC_OPTIMIZATION_LEVEL = 0;
				GCC_PREPROCESSOR_DEFINITIONS = (
					"DEBUG=1",
					"$(inherited)",
				);
				GCC_WARN_64_TO_32_BIT_CONVERSION = YES;
				GCC_WARN_ABOUT_RETURN_TYPE = YES_ERROR;
				GCC_WARN_UNDECLARED_SELECTOR = YES;
				GCC_WARN_UNINITIALIZED_AUTOS = YES_AGGRESSIVE;
				GCC_WARN_UNUSED_FUNCTION = YES;
				GCC_WARN_UNUSED_VARIABLE = YES;
				IPHONEOS_DEPLOYMENT_TARGET = 10.3;
				MTL_ENABLE_DEBUG_INFO = YES;
				ONLY_ACTIVE_ARCH = YES;
				SDKROOT = iphoneos;
				SWIFT_ACTIVE_COMPILATION_CONDITIONS = DEBUG;
				SWIFT_OPTIMIZATION_LEVEL = "-Onone";
				TARGETED_DEVICE_FAMILY = "1,2";
			};
			name = Debug;
		};
		1F3E81121F7D295C00632EB3 /* Release */ = {
			isa = XCBuildConfiguration;
			buildSettings = {
				ALWAYS_SEARCH_USER_PATHS = NO;
				CLANG_ANALYZER_NONNULL = YES;
				CLANG_ANALYZER_NUMBER_OBJECT_CONVERSION = YES_AGGRESSIVE;
				CLANG_CXX_LANGUAGE_STANDARD = "gnu++0x";
				CLANG_CXX_LIBRARY = "libc++";
				CLANG_ENABLE_MODULES = YES;
				CLANG_ENABLE_OBJC_ARC = YES;
				CLANG_WARN_BOOL_CONVERSION = YES;
				CLANG_WARN_CONSTANT_CONVERSION = YES;
				CLANG_WARN_DIRECT_OBJC_ISA_USAGE = YES_ERROR;
				CLANG_WARN_DOCUMENTATION_COMMENTS = YES;
				CLANG_WARN_EMPTY_BODY = YES;
				CLANG_WARN_ENUM_CONVERSION = YES;
				CLANG_WARN_INFINITE_RECURSION = YES;
				CLANG_WARN_INT_CONVERSION = YES;
				CLANG_WARN_OBJC_ROOT_CLASS = YES_ERROR;
				CLANG_WARN_SUSPICIOUS_MOVE = YES;
				CLANG_WARN_UNREACHABLE_CODE = YES;
				CLANG_WARN__DUPLICATE_METHOD_MATCH = YES;
				"CODE_SIGN_IDENTITY[sdk=iphoneos*]" = "iPhone Developer";
				COPY_PHASE_STRIP = NO;
				DEBUG_INFORMATION_FORMAT = "dwarf-with-dsym";
				ENABLE_NS_ASSERTIONS = NO;
				ENABLE_STRICT_OBJC_MSGSEND = YES;
				GCC_C_LANGUAGE_STANDARD = gnu99;
				GCC_NO_COMMON_BLOCKS = YES;
				GCC_WARN_64_TO_32_BIT_CONVERSION = YES;
				GCC_WARN_ABOUT_RETURN_TYPE = YES_ERROR;
				GCC_WARN_UNDECLARED_SELECTOR = YES;
				GCC_WARN_UNINITIALIZED_AUTOS = YES_AGGRESSIVE;
				GCC_WARN_UNUSED_FUNCTION = YES;
				GCC_WARN_UNUSED_VARIABLE = YES;
				IPHONEOS_DEPLOYMENT_TARGET = 10.3;
				MTL_ENABLE_DEBUG_INFO = NO;
				SDKROOT = iphoneos;
				SWIFT_OPTIMIZATION_LEVEL = "-Owholemodule";
				TARGETED_DEVICE_FAMILY = "1,2";
				VALIDATE_PRODUCT = YES;
			};
			name = Release;
		};
		1F3E81141F7D295C00632EB3 /* Debug */ = {
			isa = XCBuildConfiguration;
			buildSettings = {
				ASSETCATALOG_COMPILER_APPICON_NAME = AppIcon;
				"CODE_SIGN_IDENTITY[sdk=iphoneos*]" = "iPhone Developer";
				CODE_SIGN_STYLE = Automatic;
				DEVELOPMENT_TEAM = 9NJ838NTTF;
				INFOPLIST_FILE = path_drawer/Info.plist;
				LD_RUNPATH_SEARCH_PATHS = "$(inherited) @executable_path/Frameworks";
				PRODUCT_BUNDLE_IDENTIFIER = "com.scratchwork.path-drawer";
				PRODUCT_NAME = "$(TARGET_NAME)";
				PROVISIONING_PROFILE_SPECIFIER = "";
				SWIFT_VERSION = 3.0;
			};
			name = Debug;
		};
		1F3E81151F7D295C00632EB3 /* Release */ = {
			isa = XCBuildConfiguration;
			buildSettings = {
				ASSETCATALOG_COMPILER_APPICON_NAME = AppIcon;
				"CODE_SIGN_IDENTITY[sdk=iphoneos*]" = "iPhone Developer";
				CODE_SIGN_STYLE = Automatic;
				DEVELOPMENT_TEAM = 9NJ838NTTF;
				INFOPLIST_FILE = path_drawer/Info.plist;
				LD_RUNPATH_SEARCH_PATHS = "$(inherited) @executable_path/Frameworks";
				PRODUCT_BUNDLE_IDENTIFIER = "com.scratchwork.path-drawer";
				PRODUCT_NAME = "$(TARGET_NAME)";
				PROVISIONING_PROFILE_SPECIFIER = "";
				SWIFT_VERSION = 3.0;
			};
			name = Release;
		};
		1F3E81171F7D295C00632EB3 /* Debug */ = {
			isa = XCBuildConfiguration;
			buildSettings = {
				ALWAYS_EMBED_SWIFT_STANDARD_LIBRARIES = YES;
				BUNDLE_LOADER = "$(TEST_HOST)";
				INFOPLIST_FILE = path_drawerTests/Info.plist;
				LD_RUNPATH_SEARCH_PATHS = "$(inherited) @executable_path/Frameworks @loader_path/Frameworks";
				PRODUCT_BUNDLE_IDENTIFIER = "com.scratchwork.path-drawerTests";
				PRODUCT_NAME = "$(TARGET_NAME)";
				SWIFT_VERSION = 3.0;
				TEST_HOST = "$(BUILT_PRODUCTS_DIR)/path_drawer.app/path_drawer";
			};
			name = Debug;
		};
		1F3E81181F7D295C00632EB3 /* Release */ = {
			isa = XCBuildConfiguration;
			buildSettings = {
				ALWAYS_EMBED_SWIFT_STANDARD_LIBRARIES = YES;
				BUNDLE_LOADER = "$(TEST_HOST)";
				INFOPLIST_FILE = path_drawerTests/Info.plist;
				LD_RUNPATH_SEARCH_PATHS = "$(inherited) @executable_path/Frameworks @loader_path/Frameworks";
				PRODUCT_BUNDLE_IDENTIFIER = "com.scratchwork.path-drawerTests";
				PRODUCT_NAME = "$(TARGET_NAME)";
				SWIFT_VERSION = 3.0;
				TEST_HOST = "$(BUILT_PRODUCTS_DIR)/path_drawer.app/path_drawer";
			};
			name = Release;
		};
		1F3E811A1F7D295C00632EB3 /* Debug */ = {
			isa = XCBuildConfiguration;
			buildSettings = {
				ALWAYS_EMBED_SWIFT_STANDARD_LIBRARIES = YES;
				INFOPLIST_FILE = path_drawerUITests/Info.plist;
				LD_RUNPATH_SEARCH_PATHS = "$(inherited) @executable_path/Frameworks @loader_path/Frameworks";
				PRODUCT_BUNDLE_IDENTIFIER = "com.scratchwork.path-drawerUITests";
				PRODUCT_NAME = "$(TARGET_NAME)";
				SWIFT_VERSION = 3.0;
				TEST_TARGET_NAME = path_drawer;
			};
			name = Debug;
		};
		1F3E811B1F7D295C00632EB3 /* Release */ = {
			isa = XCBuildConfiguration;
			buildSettings = {
				ALWAYS_EMBED_SWIFT_STANDARD_LIBRARIES = YES;
				INFOPLIST_FILE = path_drawerUITests/Info.plist;
				LD_RUNPATH_SEARCH_PATHS = "$(inherited) @executable_path/Frameworks @loader_path/Frameworks";
				PRODUCT_BUNDLE_IDENTIFIER = "com.scratchwork.path-drawerUITests";
				PRODUCT_NAME = "$(TARGET_NAME)";
				SWIFT_VERSION = 3.0;
				TEST_TARGET_NAME = path_drawer;
			};
			name = Release;
		};
/* End XCBuildConfiguration section */

/* Begin XCConfigurationList section */
		1F3E80E61F7D295C00632EB3 /* Build configuration list for PBXProject "path_drawer" */ = {
			isa = XCConfigurationList;
			buildConfigurations = (
				1F3E81111F7D295C00632EB3 /* Debug */,
				1F3E81121F7D295C00632EB3 /* Release */,
			);
			defaultConfigurationIsVisible = 0;
			defaultConfigurationName = Release;
		};
		1F3E81131F7D295C00632EB3 /* Build configuration list for PBXNativeTarget "path_drawer" */ = {
			isa = XCConfigurationList;
			buildConfigurations = (
				1F3E81141F7D295C00632EB3 /* Debug */,
				1F3E81151F7D295C00632EB3 /* Release */,
			);
			defaultConfigurationIsVisible = 0;
			defaultConfigurationName = Release;
		};
		1F3E81161F7D295C00632EB3 /* Build configuration list for PBXNativeTarget "path_drawerTests" */ = {
			isa = XCConfigurationList;
			buildConfigurations = (
				1F3E81171F7D295C00632EB3 /* Debug */,
				1F3E81181F7D295C00632EB3 /* Release */,
			);
			defaultConfigurationIsVisible = 0;
			defaultConfigurationName = Release;
		};
		1F3E81191F7D295C00632EB3 /* Build configuration list for PBXNativeTarget "path_drawerUITests" */ = {
			isa = XCConfigurationList;
			buildConfigurations = (
				1F3E811A1F7D295C00632EB3 /* Debug */,
				1F3E811B1F7D295C00632EB3 /* Release */,
			);
			defaultConfigurationIsVisible = 0;
			defaultConfigurationName = Release;
		};
/* End XCConfigurationList section */
	};
	rootObject = 1F3E80E31F7D295C00632EB3 /* Project object */;
}
